
Microsoft Visual Studio Solution File, Format Version 12.00
# Visual Studio Version 16
VisualStudioVersion = 16.0.30128.74
MinimumVisualStudioVersion = 10.0.40219.1
Project("{FAE04EC0-301F-11D3-BF4B-00C04F79EFBC}") = "Figuras", "Figuras\Figuras.csproj", "{C41A8F04-8DE9-4BE8-B0F4-7C706B9DC8A6}"
EndProject
Global
	GlobalSection(SolutionConfigurationPlatforms) = preSolution
		Debug|Any CPU = Debug|Any CPU
		Release|Any CPU = Release|Any CPU
	EndGlobalSection
	GlobalSection(ProjectConfigurationPlatforms) = postSolution
		{C41A8F04-8DE9-4BE8-B0F4-7C706B9DC8A6}.Debug|Any CPU.ActiveCfg = Debug|Any CPU
		{C41A8F04-8DE9-4BE8-B0F4-7C706B9DC8A6}.Debug|Any CPU.Build.0 = Debug|Any CPU
		{C41A8F04-8DE9-4BE8-B0F4-7C706B9DC8A6}.Release|Any CPU.ActiveCfg = Release|Any CPU
		{C41A8F04-8DE9-4BE8-B0F4-7C706B9DC8A6}.Release|Any CPU.Build.0 = Release|Any CPU
	EndGlobalSection
	GlobalSection(SolutionProperties) = preSolution
		HideSolutionNode = FALSE
	EndGlobalSection
	GlobalSection(ExtensibilityGlobals) = postSolution
		SolutionGuid = {66E475A3-011B-45EE-8926-DA28E73FA29D}
	EndGlobalSection
EndGlobal
